
Microsoft Visual Studio Solution File, Format Version 10.00
# Visual C++ Express Codename Orcas
Project("{8BC9CEB8-8B4A-11D0-8D11-00A0C91BC942}") = "Twixt", "Twixt\Twixt.vcproj", "{6AE8C077-E146-4418-9666-55C498E6B430}"
EndProject
Global
	GlobalSection(SolutionConfigurationPlatforms) = preSolution
		Debug|Win32 = Debug|Win32
		Debug|x64 = Debug|x64
		Release|Win32 = Release|Win32
		Release|x64 = Release|x64
	EndGlobalSection
	GlobalSection(ProjectConfigurationPlatforms) = postSolution
		{6AE8C077-E146-4418-9666-55C498E6B430}.Debug|Win32.ActiveCfg = Debug|Win32
		{6AE8C077-E146-4418-9666-55C498E6B430}.Debug|Win32.Build.0 = Debug|Win32
		{6AE8C077-E146-4418-9666-55C498E6B430}.Debug|x64.ActiveCfg = Debug|x64
		{6AE8C077-E146-4418-9666-55C498E6B430}.Debug|x64.Build.0 = Debug|x64
		{6AE8C077-E146-4418-9666-55C498E6B430}.Release|Win32.ActiveCfg = Release|Win32
		{6AE8C077-E146-4418-9666-55C498E6B430}.Release|Win32.Build.0 = Release|Win32
		{6AE8C077-E146-4418-9666-55C498E6B430}.Release|x64.ActiveCfg = Release|x64
		{6AE8C077-E146-4418-9666-55C498E6B430}.Release|x64.Build.0 = Release|x64
	EndGlobalSection
	GlobalSection(SolutionProperties) = preSolution
		HideSolutionNode = FALSE
	EndGlobalSection
EndGlobal
